{
  "lockfileVersion": 1,
  "configVersion": 1,
  "workspaces": {
    "": {
      "name": "vtix-ng-frontend",
      "dependencies": {
        "@primeuix/themes": "^2.0.3",
        "date-fns": "^4.1.0",
        "pinia": "^3.0.4",
        "primeicons": "^7.0.0",
        "primevue": "^4.5.4",
        "quill": "^2.0.3",
        "vue": "^3.5.24",
        "vue-router": "^4.6.4",
        "xlsx": "^0.18.5",
      },
      "devDependencies": {
        "@types/node": "^24.10.1",
        "@vitejs/plugin-vue": "^6.0.1",
        "@vue/tsconfig": "^0.8.1",
        "typescript": "~5.9.3",
        "vite": "^7.2.4",
        "vue-tsc": "^3.1.4",
      },
    },
  },
  "packages": {
    "@babel/helper-string-parser": ["@babel/helper-string-parser@7.27.1", "", {}, "sha512-qMlSxKbpRlAridDExk92nSobyDdpPijUq2DW6oDnUqd0iOGxmQjyqhMIihI9+zv4LPyZdRje2cavWPbCbWm3eA=="],

    "@babel/helper-validator-identifier": ["@babel/helper-validator-identifier@7.28.5", "", {}, "sha512-qSs4ifwzKJSV39ucNjsvc6WVHs6b7S03sOh2OcHF9UHfVPqWWALUsNUVzhSBiItjRZoLHx7nIarVjqKVusUZ1Q=="],

    "@babel/parser": ["@babel/parser@7.28.6", "", { "dependencies": { "@babel/types": "^7.28.6" }, "bin": "./bin/babel-parser.js" }, "sha512-TeR9zWR18BvbfPmGbLampPMW+uW1NZnJlRuuHso8i87QZNq2JRF9i6RgxRqtEq+wQGsS19NNTWr2duhnE49mfQ=="],

    "@babel/types": ["@babel/types@7.28.6", "", { "dependencies": { "@babel/helper-string-parser": "^7.27.1", "@babel/helper-validator-identifier": "^7.28.5" } }, "sha512-0ZrskXVEHSWIqZM/sQZ4EV3jZJXRkio/WCxaqKZP1g//CEWEPSfeZFcms4XeKBCHU0ZKnIkdJeU/kF+eRp5lBg=="],

    "@esbuild/aix-ppc64": ["@esbuild/aix-ppc64@0.27.2", "", { "os": "aix", "cpu": "ppc64" }, "sha512-GZMB+a0mOMZs4MpDbj8RJp4cw+w1WV5NYD6xzgvzUJ5Ek2jerwfO2eADyI6ExDSUED+1X8aMbegahsJi+8mgpw=="],

    "@esbuild/android-arm": ["@esbuild/android-arm@0.27.2", "", { "os": "android", "cpu": "arm" }, "sha512-DVNI8jlPa7Ujbr1yjU2PfUSRtAUZPG9I1RwW4F4xFB1Imiu2on0ADiI/c3td+KmDtVKNbi+nffGDQMfcIMkwIA=="],

    "@esbuild/android-arm64": ["@esbuild/android-arm64@0.27.2", "", { "os": "android", "cpu": "arm64" }, "sha512-pvz8ZZ7ot/RBphf8fv60ljmaoydPU12VuXHImtAs0XhLLw+EXBi2BLe3OYSBslR4rryHvweW5gmkKFwTiFy6KA=="],

    "@esbuild/android-x64": ["@esbuild/android-x64@0.27.2", "", { "os": "android", "cpu": "x64" }, "sha512-z8Ank4Byh4TJJOh4wpz8g2vDy75zFL0TlZlkUkEwYXuPSgX8yzep596n6mT7905kA9uHZsf/o2OJZubl2l3M7A=="],

    "@esbuild/darwin-arm64": ["@esbuild/darwin-arm64@0.27.2", "", { "os": "darwin", "cpu": "arm64" }, "sha512-davCD2Zc80nzDVRwXTcQP/28fiJbcOwvdolL0sOiOsbwBa72kegmVU0Wrh1MYrbuCL98Omp5dVhQFWRKR2ZAlg=="],

    "@esbuild/darwin-x64": ["@esbuild/darwin-x64@0.27.2", "", { "os": "darwin", "cpu": "x64" }, "sha512-ZxtijOmlQCBWGwbVmwOF/UCzuGIbUkqB1faQRf5akQmxRJ1ujusWsb3CVfk/9iZKr2L5SMU5wPBi1UWbvL+VQA=="],

    "@esbuild/freebsd-arm64": ["@esbuild/freebsd-arm64@0.27.2", "", { "os": "freebsd", "cpu": "arm64" }, "sha512-lS/9CN+rgqQ9czogxlMcBMGd+l8Q3Nj1MFQwBZJyoEKI50XGxwuzznYdwcav6lpOGv5BqaZXqvBSiB/kJ5op+g=="],

    "@esbuild/freebsd-x64": ["@esbuild/freebsd-x64@0.27.2", "", { "os": "freebsd", "cpu": "x64" }, "sha512-tAfqtNYb4YgPnJlEFu4c212HYjQWSO/w/h/lQaBK7RbwGIkBOuNKQI9tqWzx7Wtp7bTPaGC6MJvWI608P3wXYA=="],

    "@esbuild/linux-arm": ["@esbuild/linux-arm@0.27.2", "", { "os": "linux", "cpu": "arm" }, "sha512-vWfq4GaIMP9AIe4yj1ZUW18RDhx6EPQKjwe7n8BbIecFtCQG4CfHGaHuh7fdfq+y3LIA2vGS/o9ZBGVxIDi9hw=="],

    "@esbuild/linux-arm64": ["@esbuild/linux-arm64@0.27.2", "", { "os": "linux", "cpu": "arm64" }, "sha512-hYxN8pr66NsCCiRFkHUAsxylNOcAQaxSSkHMMjcpx0si13t1LHFphxJZUiGwojB1a/Hd5OiPIqDdXONia6bhTw=="],

    "@esbuild/linux-ia32": ["@esbuild/linux-ia32@0.27.2", "", { "os": "linux", "cpu": "ia32" }, "sha512-MJt5BRRSScPDwG2hLelYhAAKh9imjHK5+NE/tvnRLbIqUWa+0E9N4WNMjmp/kXXPHZGqPLxggwVhz7QP8CTR8w=="],

    "@esbuild/linux-loong64": ["@esbuild/linux-loong64@0.27.2", "", { "os": "linux", "cpu": "none" }, "sha512-lugyF1atnAT463aO6KPshVCJK5NgRnU4yb3FUumyVz+cGvZbontBgzeGFO1nF+dPueHD367a2ZXe1NtUkAjOtg=="],

    "@esbuild/linux-mips64el": ["@esbuild/linux-mips64el@0.27.2", "", { "os": "linux", "cpu": "none" }, "sha512-nlP2I6ArEBewvJ2gjrrkESEZkB5mIoaTswuqNFRv/WYd+ATtUpe9Y09RnJvgvdag7he0OWgEZWhviS1OTOKixw=="],

    "@esbuild/linux-ppc64": ["@esbuild/linux-ppc64@0.27.2", "", { "os": "linux", "cpu": "ppc64" }, "sha512-C92gnpey7tUQONqg1n6dKVbx3vphKtTHJaNG2Ok9lGwbZil6DrfyecMsp9CrmXGQJmZ7iiVXvvZH6Ml5hL6XdQ=="],

    "@esbuild/linux-riscv64": ["@esbuild/linux-riscv64@0.27.2", "", { "os": "linux", "cpu": "none" }, "sha512-B5BOmojNtUyN8AXlK0QJyvjEZkWwy/FKvakkTDCziX95AowLZKR6aCDhG7LeF7uMCXEJqwa8Bejz5LTPYm8AvA=="],

    "@esbuild/linux-s390x": ["@esbuild/linux-s390x@0.27.2", "", { "os": "linux", "cpu": "s390x" }, "sha512-p4bm9+wsPwup5Z8f4EpfN63qNagQ47Ua2znaqGH6bqLlmJ4bx97Y9JdqxgGZ6Y8xVTixUnEkoKSHcpRlDnNr5w=="],

    "@esbuild/linux-x64": ["@esbuild/linux-x64@0.27.2", "", { "os": "linux", "cpu": "x64" }, "sha512-uwp2Tip5aPmH+NRUwTcfLb+W32WXjpFejTIOWZFw/v7/KnpCDKG66u4DLcurQpiYTiYwQ9B7KOeMJvLCu/OvbA=="],

    "@esbuild/netbsd-arm64": ["@esbuild/netbsd-arm64@0.27.2", "", { "os": "none", "cpu": "arm64" }, "sha512-Kj6DiBlwXrPsCRDeRvGAUb/LNrBASrfqAIok+xB0LxK8CHqxZ037viF13ugfsIpePH93mX7xfJp97cyDuTZ3cw=="],

    "@esbuild/netbsd-x64": ["@esbuild/netbsd-x64@0.27.2", "", { "os": "none", "cpu": "x64" }, "sha512-HwGDZ0VLVBY3Y+Nw0JexZy9o/nUAWq9MlV7cahpaXKW6TOzfVno3y3/M8Ga8u8Yr7GldLOov27xiCnqRZf0tCA=="],

    "@esbuild/openbsd-arm64": ["@esbuild/openbsd-arm64@0.27.2", "", { "os": "openbsd", "cpu": "arm64" }, "sha512-DNIHH2BPQ5551A7oSHD0CKbwIA/Ox7+78/AWkbS5QoRzaqlev2uFayfSxq68EkonB+IKjiuxBFoV8ESJy8bOHA=="],

    "@esbuild/openbsd-x64": ["@esbuild/openbsd-x64@0.27.2", "", { "os": "openbsd", "cpu": "x64" }, "sha512-/it7w9Nb7+0KFIzjalNJVR5bOzA9Vay+yIPLVHfIQYG/j+j9VTH84aNB8ExGKPU4AzfaEvN9/V4HV+F+vo8OEg=="],

    "@esbuild/openharmony-arm64": ["@esbuild/openharmony-arm64@0.27.2", "", { "os": "none", "cpu": "arm64" }, "sha512-LRBbCmiU51IXfeXk59csuX/aSaToeG7w48nMwA6049Y4J4+VbWALAuXcs+qcD04rHDuSCSRKdmY63sruDS5qag=="],

    "@esbuild/sunos-x64": ["@esbuild/sunos-x64@0.27.2", "", { "os": "sunos", "cpu": "x64" }, "sha512-kMtx1yqJHTmqaqHPAzKCAkDaKsffmXkPHThSfRwZGyuqyIeBvf08KSsYXl+abf5HDAPMJIPnbBfXvP2ZC2TfHg=="],

    "@esbuild/win32-arm64": ["@esbuild/win32-arm64@0.27.2", "", { "os": "win32", "cpu": "arm64" }, "sha512-Yaf78O/B3Kkh+nKABUF++bvJv5Ijoy9AN1ww904rOXZFLWVc5OLOfL56W+C8F9xn5JQZa3UX6m+IktJnIb1Jjg=="],

    "@esbuild/win32-ia32": ["@esbuild/win32-ia32@0.27.2", "", { "os": "win32", "cpu": "ia32" }, "sha512-Iuws0kxo4yusk7sw70Xa2E2imZU5HoixzxfGCdxwBdhiDgt9vX9VUCBhqcwY7/uh//78A1hMkkROMJq9l27oLQ=="],

    "@esbuild/win32-x64": ["@esbuild/win32-x64@0.27.2", "", { "os": "win32", "cpu": "x64" }, "sha512-sRdU18mcKf7F+YgheI/zGf5alZatMUTKj/jNS6l744f9u3WFu4v7twcUI9vu4mknF4Y9aDlblIie0IM+5xxaqQ=="],

    "@jridgewell/sourcemap-codec": ["@jridgewell/sourcemap-codec@1.5.5", "", {}, "sha512-cYQ9310grqxueWbl+WuIUIaiUaDcj7WOq5fVhEljNVgRfOUhY9fy2zTvfoqWsnebh8Sl70VScFbICvJnLKB0Og=="],

    "@primeuix/styled": ["@primeuix/styled@0.7.4", "", { "dependencies": { "@primeuix/utils": "^0.6.1" } }, "sha512-QSO/NpOQg8e9BONWRBx9y8VGMCMYz0J/uKfNJEya/RGEu7ARx0oYW0ugI1N3/KB1AAvyGxzKBzGImbwg0KUiOQ=="],

    "@primeuix/styles": ["@primeuix/styles@2.0.3", "", { "dependencies": { "@primeuix/styled": "^0.7.4" } }, "sha512-2ykAB6BaHzR/6TwF8ShpJTsZrid6cVIEBVlookSdvOdmlWuevGu5vWOScgIwqWwlZcvkFYAGR/SUV3OHCTBMdw=="],

    "@primeuix/themes": ["@primeuix/themes@2.0.3", "", { "dependencies": { "@primeuix/styled": "^0.7.4" } }, "sha512-3fS1883mtCWhgUgNf/feiaaDSOND4EBIOu9tZnzJlJ8QtYyL6eFLcA6V3ymCWqLVXQ1+lTVEZv1gl47FIdXReg=="],

    "@primeuix/utils": ["@primeuix/utils@0.6.4", "", {}, "sha512-pZ5f+vj7wSzRhC7KoEQRU5fvYAe+RP9+m39CTscZ3UywCD1Y2o6Fe1rRgklMPSkzUcty2jzkA0zMYkiJBD1hgg=="],

    "@primevue/core": ["@primevue/core@4.5.4", "", { "dependencies": { "@primeuix/styled": "^0.7.4", "@primeuix/utils": "^0.6.2" }, "peerDependencies": { "vue": "^3.5.0" } }, "sha512-lYJJB3wTrDJ8MkLctzHfrPZAqXVxoatjIsswSJzupatf6ZogJHVYADUKcn1JAkLLk8dtV1FA2AxDek663fHO5Q=="],

    "@primevue/icons": ["@primevue/icons@4.5.4", "", { "dependencies": { "@primeuix/utils": "^0.6.2", "@primevue/core": "4.5.4" } }, "sha512-DxgryEc7ZmUqcEhYMcxGBRyFzdtLIoy3jLtlH1zsVSRZaG+iSAcjQ88nvfkZxGUZtZBFL7sRjF6KLq3bJZJwUw=="],

    "@rolldown/pluginutils": ["@rolldown/pluginutils@1.0.0-beta.53", "", {}, "sha512-vENRlFU4YbrwVqNDZ7fLvy+JR1CRkyr01jhSiDpE1u6py3OMzQfztQU2jxykW3ALNxO4kSlqIDeYyD0Y9RcQeQ=="],

    "@rollup/rollup-android-arm-eabi": ["@rollup/rollup-android-arm-eabi@4.56.0", "", { "os": "android", "cpu": "arm" }, "sha512-LNKIPA5k8PF1+jAFomGe3qN3bbIgJe/IlpDBwuVjrDKrJhVWywgnJvflMt/zkbVNLFtF1+94SljYQS6e99klnw=="],

    "@rollup/rollup-android-arm64": ["@rollup/rollup-android-arm64@4.56.0", "", { "os": "android", "cpu": "arm64" }, "sha512-lfbVUbelYqXlYiU/HApNMJzT1E87UPGvzveGg2h0ktUNlOCxKlWuJ9jtfvs1sKHdwU4fzY7Pl8sAl49/XaEk6Q=="],

    "@rollup/rollup-darwin-arm64": ["@rollup/rollup-darwin-arm64@4.56.0", "", { "os": "darwin", "cpu": "arm64" }, "sha512-EgxD1ocWfhoD6xSOeEEwyE7tDvwTgZc8Bss7wCWe+uc7wO8G34HHCUH+Q6cHqJubxIAnQzAsyUsClt0yFLu06w=="],

    "@rollup/rollup-darwin-x64": ["@rollup/rollup-darwin-x64@4.56.0", "", { "os": "darwin", "cpu": "x64" }, "sha512-1vXe1vcMOssb/hOF8iv52A7feWW2xnu+c8BV4t1F//m9QVLTfNVpEdja5ia762j/UEJe2Z1jAmEqZAK42tVW3g=="],

    "@rollup/rollup-freebsd-arm64": ["@rollup/rollup-freebsd-arm64@4.56.0", "", { "os": "freebsd", "cpu": "arm64" }, "sha512-bof7fbIlvqsyv/DtaXSck4VYQ9lPtoWNFCB/JY4snlFuJREXfZnm+Ej6yaCHfQvofJDXLDMTVxWscVSuQvVWUQ=="],

    "@rollup/rollup-freebsd-x64": ["@rollup/rollup-freebsd-x64@4.56.0", "", { "os": "freebsd", "cpu": "x64" }, "sha512-KNa6lYHloW+7lTEkYGa37fpvPq+NKG/EHKM8+G/g9WDU7ls4sMqbVRV78J6LdNuVaeeK5WB9/9VAFbKxcbXKYg=="],

    "@rollup/rollup-linux-arm-gnueabihf": ["@rollup/rollup-linux-arm-gnueabihf@4.56.0", "", { "os": "linux", "cpu": "arm" }, "sha512-E8jKK87uOvLrrLN28jnAAAChNq5LeCd2mGgZF+fGF5D507WlG/Noct3lP/QzQ6MrqJ5BCKNwI9ipADB6jyiq2A=="],

    "@rollup/rollup-linux-arm-musleabihf": ["@rollup/rollup-linux-arm-musleabihf@4.56.0", "", { "os": "linux", "cpu": "arm" }, "sha512-jQosa5FMYF5Z6prEpTCCmzCXz6eKr/tCBssSmQGEeozA9tkRUty/5Vx06ibaOP9RCrW1Pvb8yp3gvZhHwTDsJw=="],

    "@rollup/rollup-linux-arm64-gnu": ["@rollup/rollup-linux-arm64-gnu@4.56.0", "", { "os": "linux", "cpu": "arm64" }, "sha512-uQVoKkrC1KGEV6udrdVahASIsaF8h7iLG0U0W+Xn14ucFwi6uS539PsAr24IEF9/FoDtzMeeJXJIBo5RkbNWvQ=="],

    "@rollup/rollup-linux-arm64-musl": ["@rollup/rollup-linux-arm64-musl@4.56.0", "", { "os": "linux", "cpu": "arm64" }, "sha512-vLZ1yJKLxhQLFKTs42RwTwa6zkGln+bnXc8ueFGMYmBTLfNu58sl5/eXyxRa2RarTkJbXl8TKPgfS6V5ijNqEA=="],

    "@rollup/rollup-linux-loong64-gnu": ["@rollup/rollup-linux-loong64-gnu@4.56.0", "", { "os": "linux", "cpu": "none" }, "sha512-FWfHOCub564kSE3xJQLLIC/hbKqHSVxy8vY75/YHHzWvbJL7aYJkdgwD/xGfUlL5UV2SB7otapLrcCj2xnF1dg=="],

    "@rollup/rollup-linux-loong64-musl": ["@rollup/rollup-linux-loong64-musl@4.56.0", "", { "os": "linux", "cpu": "none" }, "sha512-z1EkujxIh7nbrKL1lmIpqFTc/sr0u8Uk0zK/qIEFldbt6EDKWFk/pxFq3gYj4Bjn3aa9eEhYRlL3H8ZbPT1xvA=="],

    "@rollup/rollup-linux-ppc64-gnu": ["@rollup/rollup-linux-ppc64-gnu@4.56.0", "", { "os": "linux", "cpu": "ppc64" }, "sha512-iNFTluqgdoQC7AIE8Q34R3AuPrJGJirj5wMUErxj22deOcY7XwZRaqYmB6ZKFHoVGqRcRd0mqO+845jAibKCkw=="],

    "@rollup/rollup-linux-ppc64-musl": ["@rollup/rollup-linux-ppc64-musl@4.56.0", "", { "os": "linux", "cpu": "ppc64" }, "sha512-MtMeFVlD2LIKjp2sE2xM2slq3Zxf9zwVuw0jemsxvh1QOpHSsSzfNOTH9uYW9i1MXFxUSMmLpeVeUzoNOKBaWg=="],

    "@rollup/rollup-linux-riscv64-gnu": ["@rollup/rollup-linux-riscv64-gnu@4.56.0", "", { "os": "linux", "cpu": "none" }, "sha512-in+v6wiHdzzVhYKXIk5U74dEZHdKN9KH0Q4ANHOTvyXPG41bajYRsy7a8TPKbYPl34hU7PP7hMVHRvv/5aCSew=="],

    "@rollup/rollup-linux-riscv64-musl": ["@rollup/rollup-linux-riscv64-musl@4.56.0", "", { "os": "linux", "cpu": "none" }, "sha512-yni2raKHB8m9NQpI9fPVwN754mn6dHQSbDTwxdr9SE0ks38DTjLMMBjrwvB5+mXrX+C0npX0CVeCUcvvvD8CNQ=="],

    "@rollup/rollup-linux-s390x-gnu": ["@rollup/rollup-linux-s390x-gnu@4.56.0", "", { "os": "linux", "cpu": "s390x" }, "sha512-zhLLJx9nQPu7wezbxt2ut+CI4YlXi68ndEve16tPc/iwoylWS9B3FxpLS2PkmfYgDQtosah07Mj9E0khc3Y+vQ=="],

    "@rollup/rollup-linux-x64-gnu": ["@rollup/rollup-linux-x64-gnu@4.56.0", "", { "os": "linux", "cpu": "x64" }, "sha512-MVC6UDp16ZSH7x4rtuJPAEoE1RwS8N4oK9DLHy3FTEdFoUTCFVzMfJl/BVJ330C+hx8FfprA5Wqx4FhZXkj2Kw=="],

    "@rollup/rollup-linux-x64-musl": ["@rollup/rollup-linux-x64-musl@4.56.0", "", { "os": "linux", "cpu": "x64" }, "sha512-ZhGH1eA4Qv0lxaV00azCIS1ChedK0V32952Md3FtnxSqZTBTd6tgil4nZT5cU8B+SIw3PFYkvyR4FKo2oyZIHA=="],

    "@rollup/rollup-openbsd-x64": ["@rollup/rollup-openbsd-x64@4.56.0", "", { "os": "openbsd", "cpu": "x64" }, "sha512-O16XcmyDeFI9879pEcmtWvD/2nyxR9mF7Gs44lf1vGGx8Vg2DRNx11aVXBEqOQhWb92WN4z7fW/q4+2NYzCbBA=="],

    "@rollup/rollup-openharmony-arm64": ["@rollup/rollup-openharmony-arm64@4.56.0", "", { "os": "none", "cpu": "arm64" }, "sha512-LhN/Reh+7F3RCgQIRbgw8ZMwUwyqJM+8pXNT6IIJAqm2IdKkzpCh/V9EdgOMBKuebIrzswqy4ATlrDgiOwbRcQ=="],

    "@rollup/rollup-win32-arm64-msvc": ["@rollup/rollup-win32-arm64-msvc@4.56.0", "", { "os": "win32", "cpu": "arm64" }, "sha512-kbFsOObXp3LBULg1d3JIUQMa9Kv4UitDmpS+k0tinPBz3watcUiV2/LUDMMucA6pZO3WGE27P7DsfaN54l9ing=="],

    "@rollup/rollup-win32-ia32-msvc": ["@rollup/rollup-win32-ia32-msvc@4.56.0", "", { "os": "win32", "cpu": "ia32" }, "sha512-vSSgny54D6P4vf2izbtFm/TcWYedw7f8eBrOiGGecyHyQB9q4Kqentjaj8hToe+995nob/Wv48pDqL5a62EWtg=="],

    "@rollup/rollup-win32-x64-gnu": ["@rollup/rollup-win32-x64-gnu@4.56.0", "", { "os": "win32", "cpu": "x64" }, "sha512-FeCnkPCTHQJFbiGG49KjV5YGW/8b9rrXAM2Mz2kiIoktq2qsJxRD5giEMEOD2lPdgs72upzefaUvS+nc8E3UzQ=="],

    "@rollup/rollup-win32-x64-msvc": ["@rollup/rollup-win32-x64-msvc@4.56.0", "", { "os": "win32", "cpu": "x64" }, "sha512-H8AE9Ur/t0+1VXujj90w0HrSOuv0Nq9r1vSZF2t5km20NTfosQsGGUXDaKdQZzwuLts7IyL1fYT4hM95TI9c4g=="],

    "@types/estree": ["@types/estree@1.0.8", "", {}, "sha512-dWHzHa2WqEXI/O1E9OjrocMTKJl2mSrEolh1Iomrv6U+JuNwaHXsXx9bLu5gG7BUWFIN0skIQJQ/L1rIex4X6w=="],

    "@types/node": ["@types/node@24.10.9", "", { "dependencies": { "undici-types": "~7.16.0" } }, "sha512-ne4A0IpG3+2ETuREInjPNhUGis1SFjv1d5asp8MzEAGtOZeTeHVDOYqOgqfhvseqg/iXty2hjBf1zAOb7RNiNw=="],

    "@vitejs/plugin-vue": ["@vitejs/plugin-vue@6.0.3", "", { "dependencies": { "@rolldown/pluginutils": "1.0.0-beta.53" }, "peerDependencies": { "vite": "^5.0.0 || ^6.0.0 || ^7.0.0 || ^8.0.0-0", "vue": "^3.2.25" } }, "sha512-TlGPkLFLVOY3T7fZrwdvKpjprR3s4fxRln0ORDo1VQ7HHyxJwTlrjKU3kpVWTlaAjIEuCTokmjkZnr8Tpc925w=="],

    "@volar/language-core": ["@volar/language-core@2.4.27", "", { "dependencies": { "@volar/source-map": "2.4.27" } }, "sha512-DjmjBWZ4tJKxfNC1F6HyYERNHPYS7L7OPFyCrestykNdUZMFYzI9WTyvwPcaNaHlrEUwESHYsfEw3isInncZxQ=="],

    "@volar/source-map": ["@volar/source-map@2.4.27", "", {}, "sha512-ynlcBReMgOZj2i6po+qVswtDUeeBRCTgDurjMGShbm8WYZgJ0PA4RmtebBJ0BCYol1qPv3GQF6jK7C9qoVc7lg=="],

    "@volar/typescript": ["@volar/typescript@2.4.27", "", { "dependencies": { "@volar/language-core": "2.4.27", "path-browserify": "^1.0.1", "vscode-uri": "^3.0.8" } }, "sha512-eWaYCcl/uAPInSK2Lze6IqVWaBu/itVqR5InXcHXFyles4zO++Mglt3oxdgj75BDcv1Knr9Y93nowS8U3wqhxg=="],

    "@vue/compiler-core": ["@vue/compiler-core@3.5.27", "", { "dependencies": { "@babel/parser": "^7.28.5", "@vue/shared": "3.5.27", "entities": "^7.0.0", "estree-walker": "^2.0.2", "source-map-js": "^1.2.1" } }, "sha512-gnSBQjZA+//qDZen+6a2EdHqJ68Z7uybrMf3SPjEGgG4dicklwDVmMC1AeIHxtLVPT7sn6sH1KOO+tS6gwOUeQ=="],

    "@vue/compiler-dom": ["@vue/compiler-dom@3.5.27", "", { "dependencies": { "@vue/compiler-core": "3.5.27", "@vue/shared": "3.5.27" } }, "sha512-oAFea8dZgCtVVVTEC7fv3T5CbZW9BxpFzGGxC79xakTr6ooeEqmRuvQydIiDAkglZEAd09LgVf1RoDnL54fu5w=="],

    "@vue/compiler-sfc": ["@vue/compiler-sfc@3.5.27", "", { "dependencies": { "@babel/parser": "^7.28.5", "@vue/compiler-core": "3.5.27", "@vue/compiler-dom": "3.5.27", "@vue/compiler-ssr": "3.5.27", "@vue/shared": "3.5.27", "estree-walker": "^2.0.2", "magic-string": "^0.30.21", "postcss": "^8.5.6", "source-map-js": "^1.2.1" } }, "sha512-sHZu9QyDPeDmN/MRoshhggVOWE5WlGFStKFwu8G52swATgSny27hJRWteKDSUUzUH+wp+bmeNbhJnEAel/auUQ=="],

    "@vue/compiler-ssr": ["@vue/compiler-ssr@3.5.27", "", { "dependencies": { "@vue/compiler-dom": "3.5.27", "@vue/shared": "3.5.27" } }, "sha512-Sj7h+JHt512fV1cTxKlYhg7qxBvack+BGncSpH+8vnN+KN95iPIcqB5rsbblX40XorP+ilO7VIKlkuu3Xq2vjw=="],

    "@vue/devtools-api": ["@vue/devtools-api@7.7.9", "", { "dependencies": { "@vue/devtools-kit": "^7.7.9" } }, "sha512-kIE8wvwlcZ6TJTbNeU2HQNtaxLx3a84aotTITUuL/4bzfPxzajGBOoqjMhwZJ8L9qFYDU/lAYMEEm11dnZOD6g=="],

    "@vue/devtools-kit": ["@vue/devtools-kit@7.7.9", "", { "dependencies": { "@vue/devtools-shared": "^7.7.9", "birpc": "^2.3.0", "hookable": "^5.5.3", "mitt": "^3.0.1", "perfect-debounce": "^1.0.0", "speakingurl": "^14.0.1", "superjson": "^2.2.2" } }, "sha512-PyQ6odHSgiDVd4hnTP+aDk2X4gl2HmLDfiyEnn3/oV+ckFDuswRs4IbBT7vacMuGdwY/XemxBoh302ctbsptuA=="],

    "@vue/devtools-shared": ["@vue/devtools-shared@7.7.9", "", { "dependencies": { "rfdc": "^1.4.1" } }, "sha512-iWAb0v2WYf0QWmxCGy0seZNDPdO3Sp5+u78ORnyeonS6MT4PC7VPrryX2BpMJrwlDeaZ6BD4vP4XKjK0SZqaeA=="],

    "@vue/language-core": ["@vue/language-core@3.2.3", "", { "dependencies": { "@volar/language-core": "2.4.27", "@vue/compiler-dom": "^3.5.0", "@vue/shared": "^3.5.0", "alien-signals": "^3.0.0", "muggle-string": "^0.4.1", "path-browserify": "^1.0.1", "picomatch": "^4.0.2" } }, "sha512-VpN/GnYDzGLh44AI6i1OB/WsLXo6vwnl0EWHBelGc4TyC0yEq6azwNaed/+Tgr8anFlSdWYnMEkyHJDPe7ii7A=="],

    "@vue/reactivity": ["@vue/reactivity@3.5.27", "", { "dependencies": { "@vue/shared": "3.5.27" } }, "sha512-vvorxn2KXfJ0nBEnj4GYshSgsyMNFnIQah/wczXlsNXt+ijhugmW+PpJ2cNPe4V6jpnBcs0MhCODKllWG+nvoQ=="],

    "@vue/runtime-core": ["@vue/runtime-core@3.5.27", "", { "dependencies": { "@vue/reactivity": "3.5.27", "@vue/shared": "3.5.27" } }, "sha512-fxVuX/fzgzeMPn/CLQecWeDIFNt3gQVhxM0rW02Tvp/YmZfXQgcTXlakq7IMutuZ/+Ogbn+K0oct9J3JZfyk3A=="],

    "@vue/runtime-dom": ["@vue/runtime-dom@3.5.27", "", { "dependencies": { "@vue/reactivity": "3.5.27", "@vue/runtime-core": "3.5.27", "@vue/shared": "3.5.27", "csstype": "^3.2.3" } }, "sha512-/QnLslQgYqSJ5aUmb5F0z0caZPGHRB8LEAQ1s81vHFM5CBfnun63rxhvE/scVb/j3TbBuoZwkJyiLCkBluMpeg=="],

    "@vue/server-renderer": ["@vue/server-renderer@3.5.27", "", { "dependencies": { "@vue/compiler-ssr": "3.5.27", "@vue/shared": "3.5.27" }, "peerDependencies": { "vue": "3.5.27" } }, "sha512-qOz/5thjeP1vAFc4+BY3Nr6wxyLhpeQgAE/8dDtKo6a6xdk+L4W46HDZgNmLOBUDEkFXV3G7pRiUqxjX0/2zWA=="],

    "@vue/shared": ["@vue/shared@3.5.27", "", {}, "sha512-dXr/3CgqXsJkZ0n9F3I4elY8wM9jMJpP3pvRG52r6m0tu/MsAFIe6JpXVGeNMd/D9F4hQynWT8Rfuj0bdm9kFQ=="],

    "@vue/tsconfig": ["@vue/tsconfig@0.8.1", "", { "peerDependencies": { "typescript": "5.x", "vue": "^3.4.0" }, "optionalPeers": ["typescript", "vue"] }, "sha512-aK7feIWPXFSUhsCP9PFqPyFOcz4ENkb8hZ2pneL6m2UjCkccvaOhC/5KCKluuBufvp2KzkbdA2W2pk20vLzu3g=="],

    "adler-32": ["adler-32@1.3.1", "", {}, "sha512-ynZ4w/nUUv5rrsR8UUGoe1VC9hZj6V5hU9Qw1HlMDJGEJw5S7TfTErWTjMys6M7vr0YWcPqs3qAr4ss0nDfP+A=="],

    "alien-signals": ["alien-signals@3.1.2", "", {}, "sha512-d9dYqZTS90WLiU0I5c6DHj/HcKkF8ZyGN3G5x8wSbslulz70KOxaqCT0hQCo9KOyhVqzqGojvNdJXoTumZOtcw=="],

    "birpc": ["birpc@2.9.0", "", {}, "sha512-KrayHS5pBi69Xi9JmvoqrIgYGDkD6mcSe/i6YKi3w5kekCLzrX4+nawcXqrj2tIp50Kw/mT/s3p+GVK0A0sKxw=="],

    "cfb": ["cfb@1.2.2", "", { "dependencies": { "adler-32": "~1.3.0", "crc-32": "~1.2.0" } }, "sha512-KfdUZsSOw19/ObEWasvBP/Ac4reZvAGauZhs6S/gqNhXhI7cKwvlH7ulj+dOEYnca4bm4SGo8C1bTAQvnTjgQA=="],

    "codepage": ["codepage@1.15.0", "", {}, "sha512-3g6NUTPd/YtuuGrhMnOMRjFc+LJw/bnMp3+0r/Wcz3IXUuCosKRJvMphm5+Q+bvTVGcJJuRvVLuYba+WojaFaA=="],

    "copy-anything": ["copy-anything@4.0.5", "", { "dependencies": { "is-what": "^5.2.0" } }, "sha512-7Vv6asjS4gMOuILabD3l739tsaxFQmC+a7pLZm02zyvs8p977bL3zEgq3yDk5rn9B0PbYgIv++jmHcuUab4RhA=="],

    "crc-32": ["crc-32@1.2.2", "", { "bin": { "crc32": "bin/crc32.njs" } }, "sha512-ROmzCKrTnOwybPcJApAA6WBWij23HVfGVNKqqrZpuyZOHqK2CwHSvpGuyt/UNNvaIjEd8X5IFGp4Mh+Ie1IHJQ=="],

    "csstype": ["csstype@3.2.3", "", {}, "sha512-z1HGKcYy2xA8AGQfwrn0PAy+PB7X/GSj3UVJW9qKyn43xWa+gl5nXmU4qqLMRzWVLFC8KusUX8T/0kCiOYpAIQ=="],

    "date-fns": ["date-fns@4.1.0", "", {}, "sha512-Ukq0owbQXxa/U3EGtsdVBkR1w7KOQ5gIBqdH2hkvknzZPYvBxb/aa6E8L7tmjFtkwZBu3UXBbjIgPo/Ez4xaNg=="],

    "entities": ["entities@7.0.1", "", {}, "sha512-TWrgLOFUQTH994YUyl1yT4uyavY5nNB5muff+RtWaqNVCAK408b5ZnnbNAUEWLTCpum9w6arT70i1XdQ4UeOPA=="],

    "esbuild": ["esbuild@0.27.2", "", { "optionalDependencies": { "@esbuild/aix-ppc64": "0.27.2", "@esbuild/android-arm": "0.27.2", "@esbuild/android-arm64": "0.27.2", "@esbuild/android-x64": "0.27.2", "@esbuild/darwin-arm64": "0.27.2", "@esbuild/darwin-x64": "0.27.2", "@esbuild/freebsd-arm64": "0.27.2", "@esbuild/freebsd-x64": "0.27.2", "@esbuild/linux-arm": "0.27.2", "@esbuild/linux-arm64": "0.27.2", "@esbuild/linux-ia32": "0.27.2", "@esbuild/linux-loong64": "0.27.2", "@esbuild/linux-mips64el": "0.27.2", "@esbuild/linux-ppc64": "0.27.2", "@esbuild/linux-riscv64": "0.27.2", "@esbuild/linux-s390x": "0.27.2", "@esbuild/linux-x64": "0.27.2", "@esbuild/netbsd-arm64": "0.27.2", "@esbuild/netbsd-x64": "0.27.2", "@esbuild/openbsd-arm64": "0.27.2", "@esbuild/openbsd-x64": "0.27.2", "@esbuild/openharmony-arm64": "0.27.2", "@esbuild/sunos-x64": "0.27.2", "@esbuild/win32-arm64": "0.27.2", "@esbuild/win32-ia32": "0.27.2", "@esbuild/win32-x64": "0.27.2" }, "bin": { "esbuild": "bin/esbuild" } }, "sha512-HyNQImnsOC7X9PMNaCIeAm4ISCQXs5a5YasTXVliKv4uuBo1dKrG0A+uQS8M5eXjVMnLg3WgXaKvprHlFJQffw=="],

    "estree-walker": ["estree-walker@2.0.2", "", {}, "sha512-Rfkk/Mp/DL7JVje3u18FxFujQlTNR2q6QfMSMB7AvCBx91NGj/ba3kCfza0f6dVDbw7YlRf/nDrn7pQrCCyQ/w=="],

    "eventemitter3": ["eventemitter3@5.0.4", "", {}, "sha512-mlsTRyGaPBjPedk6Bvw+aqbsXDtoAyAzm5MO7JgU+yVRyMQ5O8bD4Kcci7BS85f93veegeCPkL8R4GLClnjLFw=="],

    "fast-diff": ["fast-diff@1.3.0", "", {}, "sha512-VxPP4NqbUjj6MaAOafWeUn2cXWLcCtljklUtZf0Ind4XQ+QPtmA0b18zZy0jIQx+ExRVCR/ZQpBmik5lXshNsw=="],

    "fdir": ["fdir@6.5.0", "", { "peerDependencies": { "picomatch": "^3 || ^4" }, "optionalPeers": ["picomatch"] }, "sha512-tIbYtZbucOs0BRGqPJkshJUYdL+SDH7dVM8gjy+ERp3WAUjLEFJE+02kanyHtwjWOnwrKYBiwAmM0p4kLJAnXg=="],

    "frac": ["frac@1.1.2", "", {}, "sha512-w/XBfkibaTl3YDqASwfDUqkna4Z2p9cFSr1aHDt0WoMTECnRfBOv2WArlZILlqgWlmdIlALXGpM2AOhEk5W3IA=="],

    "fsevents": ["fsevents@2.3.3", "", { "os": "darwin" }, "sha512-5xoDfX+fL7faATnagmWPpbFtwh/R77WmMMqqHGS65C3vvB0YHrgF+B1YmZ3441tMj5n63k0212XNoJwzlhffQw=="],

    "hookable": ["hookable@5.5.3", "", {}, "sha512-Yc+BQe8SvoXH1643Qez1zqLRmbA5rCL+sSmk6TVos0LWVfNIB7PGncdlId77WzLGSIB5KaWgTaNTs2lNVEI6VQ=="],

    "is-what": ["is-what@5.5.0", "", {}, "sha512-oG7cgbmg5kLYae2N5IVd3jm2s+vldjxJzK1pcu9LfpGuQ93MQSzo0okvRna+7y5ifrD+20FE8FvjusyGaz14fw=="],

    "lodash-es": ["lodash-es@4.17.23", "", {}, "sha512-kVI48u3PZr38HdYz98UmfPnXl2DXrpdctLrFLCd3kOx1xUkOmpFPx7gCWWM5MPkL/fD8zb+Ph0QzjGFs4+hHWg=="],

    "lodash.clonedeep": ["lodash.clonedeep@4.5.0", "", {}, "sha512-H5ZhCF25riFd9uB5UCkVKo61m3S/xZk1x4wA6yp/L3RFP6Z/eHH1ymQcGLo7J3GMPfm0V/7m1tryHuGVxpqEBQ=="],

    "lodash.isequal": ["lodash.isequal@4.5.0", "", {}, "sha512-pDo3lu8Jhfjqls6GkMgpahsF9kCyayhgykjyLMNFTKWrpVdAQtYyB4muAMWozBB4ig/dtWAmsMxLEI8wuz+DYQ=="],

    "magic-string": ["magic-string@0.30.21", "", { "dependencies": { "@jridgewell/sourcemap-codec": "^1.5.5" } }, "sha512-vd2F4YUyEXKGcLHoq+TEyCjxueSeHnFxyyjNp80yg0XV4vUhnDer/lvvlqM/arB5bXQN5K2/3oinyCRyx8T2CQ=="],

    "mitt": ["mitt@3.0.1", "", {}, "sha512-vKivATfr97l2/QBCYAkXYDbrIWPM2IIKEl7YPhjCvKlG3kE2gm+uBo6nEXK3M5/Ffh/FLpKExzOQ3JJoJGFKBw=="],

    "muggle-string": ["muggle-string@0.4.1", "", {}, "sha512-VNTrAak/KhO2i8dqqnqnAHOa3cYBwXEZe9h+D5h/1ZqFSTEFHdM65lR7RoIqq3tBBYavsOXV84NoHXZ0AkPyqQ=="],

    "nanoid": ["nanoid@3.3.11", "", { "bin": { "nanoid": "bin/nanoid.cjs" } }, "sha512-N8SpfPUnUp1bK+PMYW8qSWdl9U+wwNWI4QKxOYDy9JAro3WMX7p2OeVRF9v+347pnakNevPmiHhNmZ2HbFA76w=="],

    "parchment": ["parchment@3.0.0", "", {}, "sha512-HUrJFQ/StvgmXRcQ1ftY6VEZUq3jA2t9ncFN4F84J/vN0/FPpQF+8FKXb3l6fLces6q0uOHj6NJn+2xvZnxO6A=="],

    "path-browserify": ["path-browserify@1.0.1", "", {}, "sha512-b7uo2UCUOYZcnF/3ID0lulOJi/bafxa1xPe7ZPsammBSpjSWQkjNxlt635YGS2MiR9GjvuXCtz2emr3jbsz98g=="],

    "perfect-debounce": ["perfect-debounce@1.0.0", "", {}, "sha512-xCy9V055GLEqoFaHoC1SoLIaLmWctgCUaBaWxDZ7/Zx4CTyX7cJQLJOok/orfjZAh9kEYpjJa4d0KcJmCbctZA=="],

    "picocolors": ["picocolors@1.1.1", "", {}, "sha512-xceH2snhtb5M9liqDsmEw56le376mTZkEX/jEb/RxNFyegNul7eNslCXP9FDj/Lcu0X8KEyMceP2ntpaHrDEVA=="],

    "picomatch": ["picomatch@4.0.3", "", {}, "sha512-5gTmgEY/sqK6gFXLIsQNH19lWb4ebPDLA4SdLP7dsWkIXHWlG66oPuVvXSGFPppYZz8ZDZq0dYYrbHfBCVUb1Q=="],

    "pinia": ["pinia@3.0.4", "", { "dependencies": { "@vue/devtools-api": "^7.7.7" }, "peerDependencies": { "typescript": ">=4.5.0", "vue": "^3.5.11" }, "optionalPeers": ["typescript"] }, "sha512-l7pqLUFTI/+ESXn6k3nu30ZIzW5E2WZF/LaHJEpoq6ElcLD+wduZoB2kBN19du6K/4FDpPMazY2wJr+IndBtQw=="],

    "postcss": ["postcss@8.5.6", "", { "dependencies": { "nanoid": "^3.3.11", "picocolors": "^1.1.1", "source-map-js": "^1.2.1" } }, "sha512-3Ybi1tAuwAP9s0r1UQ2J4n5Y0G05bJkpUIO0/bI9MhwmD70S5aTWbXGBwxHrelT+XM1k6dM0pk+SwNkpTRN7Pg=="],

    "primeicons": ["primeicons@7.0.0", "", {}, "sha512-jK3Et9UzwzTsd6tzl2RmwrVY/b8raJ3QZLzoDACj+oTJ0oX7L9Hy+XnVwgo4QVKlKpnP/Ur13SXV/pVh4LzaDw=="],

    "primevue": ["primevue@4.5.4", "", { "dependencies": { "@primeuix/styled": "^0.7.4", "@primeuix/styles": "^2.0.2", "@primeuix/utils": "^0.6.2", "@primevue/core": "4.5.4", "@primevue/icons": "4.5.4" } }, "sha512-nTyEohZABFJhVIpeUxgP0EJ8vKcJAhD+Z7DYj95e7ie/MNUCjRNcGjqmE1cXtXi4z54qDfTSI9h2uJ51qz2DIw=="],

    "quill": ["quill@2.0.3", "", { "dependencies": { "eventemitter3": "^5.0.1", "lodash-es": "^4.17.21", "parchment": "^3.0.0", "quill-delta": "^5.1.0" } }, "sha512-xEYQBqfYx/sfb33VJiKnSJp8ehloavImQ2A6564GAbqG55PGw1dAWUn1MUbQB62t0azawUS2CZZhWCjO8gRvTw=="],

    "quill-delta": ["quill-delta@5.1.0", "", { "dependencies": { "fast-diff": "^1.3.0", "lodash.clonedeep": "^4.5.0", "lodash.isequal": "^4.5.0" } }, "sha512-X74oCeRI4/p0ucjb5Ma8adTXd9Scumz367kkMK5V/IatcX6A0vlgLgKbzXWy5nZmCGeNJm2oQX0d2Eqj+ZIlCA=="],

    "rfdc": ["rfdc@1.4.1", "", {}, "sha512-q1b3N5QkRUWUl7iyylaaj3kOpIT0N2i9MqIEQXP73GVsN9cw3fdx8X63cEmWhJGi2PPCF23Ijp7ktmd39rawIA=="],

    "rollup": ["rollup@4.56.0", "", { "dependencies": { "@types/estree": "1.0.8" }, "optionalDependencies": { "@rollup/rollup-android-arm-eabi": "4.56.0", "@rollup/rollup-android-arm64": "4.56.0", "@rollup/rollup-darwin-arm64": "4.56.0", "@rollup/rollup-darwin-x64": "4.56.0", "@rollup/rollup-freebsd-arm64": "4.56.0", "@rollup/rollup-freebsd-x64": "4.56.0", "@rollup/rollup-linux-arm-gnueabihf": "4.56.0", "@rollup/rollup-linux-arm-musleabihf": "4.56.0", "@rollup/rollup-linux-arm64-gnu": "4.56.0", "@rollup/rollup-linux-arm64-musl": "4.56.0", "@rollup/rollup-linux-loong64-gnu": "4.56.0", "@rollup/rollup-linux-loong64-musl": "4.56.0", "@rollup/rollup-linux-ppc64-gnu": "4.56.0", "@rollup/rollup-linux-ppc64-musl": "4.56.0", "@rollup/rollup-linux-riscv64-gnu": "4.56.0", "@rollup/rollup-linux-riscv64-musl": "4.56.0", "@rollup/rollup-linux-s390x-gnu": "4.56.0", "@rollup/rollup-linux-x64-gnu": "4.56.0", "@rollup/rollup-linux-x64-musl": "4.56.0", "@rollup/rollup-openbsd-x64": "4.56.0", "@rollup/rollup-openharmony-arm64": "4.56.0", "@rollup/rollup-win32-arm64-msvc": "4.56.0", "@rollup/rollup-win32-ia32-msvc": "4.56.0", "@rollup/rollup-win32-x64-gnu": "4.56.0", "@rollup/rollup-win32-x64-msvc": "4.56.0", "fsevents": "~2.3.2" }, "bin": { "rollup": "dist/bin/rollup" } }, "sha512-9FwVqlgUHzbXtDg9RCMgodF3Ua4Na6Gau+Sdt9vyCN4RhHfVKX2DCHy3BjMLTDd47ITDhYAnTwGulWTblJSDLg=="],

    "source-map-js": ["source-map-js@1.2.1", "", {}, "sha512-UXWMKhLOwVKb728IUtQPXxfYU+usdybtUrK/8uGE8CQMvrhOpwvzDBwj0QhSL7MQc7vIsISBG8VQ8+IDQxpfQA=="],

    "speakingurl": ["speakingurl@14.0.1", "", {}, "sha512-1POYv7uv2gXoyGFpBCmpDVSNV74IfsWlDW216UPjbWufNf+bSU6GdbDsxdcxtfwb4xlI3yxzOTKClUosxARYrQ=="],

    "ssf": ["ssf@0.11.2", "", { "dependencies": { "frac": "~1.1.2" } }, "sha512-+idbmIXoYET47hH+d7dfm2epdOMUDjqcB4648sTZ+t2JwoyBFL/insLfB/racrDmsKB3diwsDA696pZMieAC5g=="],

    "superjson": ["superjson@2.2.6", "", { "dependencies": { "copy-anything": "^4" } }, "sha512-H+ue8Zo4vJmV2nRjpx86P35lzwDT3nItnIsocgumgr0hHMQ+ZGq5vrERg9kJBo5AWGmxZDhzDo+WVIJqkB0cGA=="],

    "tinyglobby": ["tinyglobby@0.2.15", "", { "dependencies": { "fdir": "^6.5.0", "picomatch": "^4.0.3" } }, "sha512-j2Zq4NyQYG5XMST4cbs02Ak8iJUdxRM0XI5QyxXuZOzKOINmWurp3smXu3y5wDcJrptwpSjgXHzIQxR0omXljQ=="],

    "typescript": ["typescript@5.9.3", "", { "bin": { "tsc": "bin/tsc", "tsserver": "bin/tsserver" } }, "sha512-jl1vZzPDinLr9eUt3J/t7V6FgNEw9QjvBPdysz9KfQDD41fQrC2Y4vKQdiaUpFT4bXlb1RHhLpp8wtm6M5TgSw=="],

    "undici-types": ["undici-types@7.16.0", "", {}, "sha512-Zz+aZWSj8LE6zoxD+xrjh4VfkIG8Ya6LvYkZqtUQGJPZjYl53ypCaUwWqo7eI0x66KBGeRo+mlBEkMSeSZ38Nw=="],

    "vite": ["vite@7.3.1", "", { "dependencies": { "esbuild": "^0.27.0", "fdir": "^6.5.0", "picomatch": "^4.0.3", "postcss": "^8.5.6", "rollup": "^4.43.0", "tinyglobby": "^0.2.15" }, "optionalDependencies": { "fsevents": "~2.3.3" }, "peerDependencies": { "@types/node": "^20.19.0 || >=22.12.0", "jiti": ">=1.21.0", "less": "^4.0.0", "lightningcss": "^1.21.0", "sass": "^1.70.0", "sass-embedded": "^1.70.0", "stylus": ">=0.54.8", "sugarss": "^5.0.0", "terser": "^5.16.0", "tsx": "^4.8.1", "yaml": "^2.4.2" }, "optionalPeers": ["@types/node", "jiti", "less", "lightningcss", "sass", "sass-embedded", "stylus", "sugarss", "terser", "tsx", "yaml"], "bin": { "vite": "bin/vite.js" } }, "sha512-w+N7Hifpc3gRjZ63vYBXA56dvvRlNWRczTdmCBBa+CotUzAPf5b7YMdMR/8CQoeYE5LX3W4wj6RYTgonm1b9DA=="],

    "vscode-uri": ["vscode-uri@3.1.0", "", {}, "sha512-/BpdSx+yCQGnCvecbyXdxHDkuk55/G3xwnC0GqY4gmQ3j+A+g8kzzgB4Nk/SINjqn6+waqw3EgbVF2QKExkRxQ=="],

    "vue": ["vue@3.5.27", "", { "dependencies": { "@vue/compiler-dom": "3.5.27", "@vue/compiler-sfc": "3.5.27", "@vue/runtime-dom": "3.5.27", "@vue/server-renderer": "3.5.27", "@vue/shared": "3.5.27" }, "peerDependencies": { "typescript": "*" }, "optionalPeers": ["typescript"] }, "sha512-aJ/UtoEyFySPBGarREmN4z6qNKpbEguYHMmXSiOGk69czc+zhs0NF6tEFrY8TZKAl8N/LYAkd4JHVd5E/AsSmw=="],

    "vue-router": ["vue-router@4.6.4", "", { "dependencies": { "@vue/devtools-api": "^6.6.4" }, "peerDependencies": { "vue": "^3.5.0" } }, "sha512-Hz9q5sa33Yhduglwz6g9skT8OBPii+4bFn88w6J+J4MfEo4KRRpmiNG/hHHkdbRFlLBOqxN8y8gf2Fb0MTUgVg=="],

    "vue-tsc": ["vue-tsc@3.2.3", "", { "dependencies": { "@volar/typescript": "2.4.27", "@vue/language-core": "3.2.3" }, "peerDependencies": { "typescript": ">=5.0.0" }, "bin": { "vue-tsc": "bin/vue-tsc.js" } }, "sha512-1RdRB7rQXGFMdpo0aXf9spVzWEPGAk7PEb/ejHQwVrcuQA/HsGiixIc3uBQeqY2YjeEEgvr2ShQewBgcN4c1Cw=="],

    "wmf": ["wmf@1.0.2", "", {}, "sha512-/p9K7bEh0Dj6WbXg4JG0xvLQmIadrner1bi45VMJTfnbVHsc7yIajZyoSoK60/dtVBs12Fm6WkUI5/3WAVsNMw=="],

    "word": ["word@0.3.0", "", {}, "sha512-OELeY0Q61OXpdUfTp+oweA/vtLVg5VDOXh+3he3PNzLGG/y0oylSOC1xRVj0+l4vQ3tj/bB1HVHv1ocXkQceFA=="],

    "xlsx": ["xlsx@0.18.5", "", { "dependencies": { "adler-32": "~1.3.0", "cfb": "~1.2.1", "codepage": "~1.15.0", "crc-32": "~1.2.1", "ssf": "~0.11.2", "wmf": "~1.0.1", "word": "~0.3.0" }, "bin": { "xlsx": "bin/xlsx.njs" } }, "sha512-dmg3LCjBPHZnQp5/F/+nnTa+miPJxUXB6vtk42YjBBKayDNagxGEeIdWApkYPOf3Z3pm3k62Knjzp7lMeTEtFQ=="],

    "vue-router/@vue/devtools-api": ["@vue/devtools-api@6.6.4", "", {}, "sha512-sGhTPMuXqZ1rVOk32RylztWkfXTRhuS7vgAKv0zjqk8gbsHkJ7xfFf+jbySxt7tWObEJwyKaHMikV/WGDiQm8g=="],
  }
}
